// !$*UTF8*$!
{
	archiveVersion = 1;
	classes = {
	};
	objectVersion = 47;
	objects = {

/* Begin PBXBuildFile section */
		3A2D10511D3EA05D002E795D /* Mogens Dice.ttf in Resources */ = {isa = PBXBuildFile; fileRef = 3A2D10501D3EA05D002E795D /* Mogens Dice.ttf */; };
		3A2D10531D40BB67002E795D /* PatternRoundTest.swift in Sources */ = {isa = PBXBuildFile; fileRef = 3A2D10521D40BB67002E795D /* PatternRoundTest.swift */; };
		3A4977431D28329F007C6487 /* YatzySet.swift in Sources */ = {isa = PBXBuildFile; fileRef = 3A4977421D28329F007C6487 /* YatzySet.swift */; };
		3A4977451D28482A007C6487 /* Round.swift in Sources */ = {isa = PBXBuildFile; fileRef = 3A4977441D28482A007C6487 /* Round.swift */; };
		3A4977471D285414007C6487 /* SViewController.swift in Sources */ = {isa = PBXBuildFile; fileRef = 3A4977461D285414007C6487 /* SViewController.swift */; };
		3A7801B51D3684070043413A /* PatternRound.swift in Sources */ = {isa = PBXBuildFile; fileRef = 3A7801B41D3684070043413A /* PatternRound.swift */; };
		3A7801B71D36B1BD0043413A /* FixedRound.swift in Sources */ = {isa = PBXBuildFile; fileRef = 3A7801B61D36B1BD0043413A /* FixedRound.swift */; };
		3ABAD53D1D3E36C1009F4215 /* Images.xcassets in Resources */ = {isa = PBXBuildFile; fileRef = 3ABAD53C1D3E36C1009F4215 /* Images.xcassets */; };
		3ACF8F8E15B9D35E00252361 /* UIKit.framework in Frameworks */ = {isa = PBXBuildFile; fileRef = 3ACF8F8D15B9D35E00252361 /* UIKit.framework */; };
		3ACF8F9015B9D35E00252361 /* Foundation.framework in Frameworks */ = {isa = PBXBuildFile; fileRef = 3ACF8F8F15B9D35E00252361 /* Foundation.framework */; };
		3ACF8F9215B9D35E00252361 /* CoreGraphics.framework in Frameworks */ = {isa = PBXBuildFile; fileRef = 3ACF8F9115B9D35E00252361 /* CoreGraphics.framework */; };
		3ACF8F9815B9D35E00252361 /* InfoPlist.strings in Resources */ = {isa = PBXBuildFile; fileRef = 3ACF8F9615B9D35E00252361 /* InfoPlist.strings */; };
		3ACF8F9A15B9D35E00252361 /* main.m in Sources */ = {isa = PBXBuildFile; fileRef = 3ACF8F9915B9D35E00252361 /* main.m */; };
		3ACF8F9E15B9D35F00252361 /* AppDelegate.m in Sources */ = {isa = PBXBuildFile; fileRef = 3ACF8F9D15B9D35F00252361 /* AppDelegate.m */; };
		3ACF8FA115B9D35F00252361 /* MainStoryboard.storyboard in Resources */ = {isa = PBXBuildFile; fileRef = 3ACF8F9F15B9D35F00252361 /* MainStoryboard.storyboard */; };
		3ADF424E189C1FE600CBED0C /* XCTest.framework in Frameworks */ = {isa = PBXBuildFile; fileRef = 3ADF424D189C1FE600CBED0C /* XCTest.framework */; };
		3ADF424F189C1FE600CBED0C /* Foundation.framework in Frameworks */ = {isa = PBXBuildFile; fileRef = 3ACF8F8F15B9D35E00252361 /* Foundation.framework */; };
		3ADF4250189C1FE600CBED0C /* UIKit.framework in Frameworks */ = {isa = PBXBuildFile; fileRef = 3ACF8F8D15B9D35E00252361 /* UIKit.framework */; };
		3ADF4256189C1FE600CBED0C /* InfoPlist.strings in Resources */ = {isa = PBXBuildFile; fileRef = 3ADF4254189C1FE600CBED0C /* InfoPlist.strings */; };
		3AF310C21D353449006108EA /* UpperRound.swift in Sources */ = {isa = PBXBuildFile; fileRef = 3AF310C11D353448006108EA /* UpperRound.swift */; };
/* End PBXBuildFile section */

/* Begin PBXContainerItemProxy section */
		3ADF425A189C1FE600CBED0C /* PBXContainerItemProxy */ = {
			isa = PBXContainerItemProxy;
			containerPortal = 3ACF8F8015B9D35E00252361 /* Project object */;
			proxyType = 1;
			remoteGlobalIDString = 3ACF8F8815B9D35E00252361;
			remoteInfo = MogensYatzy;
		};
/* End PBXContainerItemProxy section */

/* Begin PBXFileReference section */
		3A2D10501D3EA05D002E795D /* Mogens Dice.ttf */ = {isa = PBXFileReference; lastKnownFileType = file; path = "Mogens Dice.ttf"; sourceTree = "<group>"; };
		3A2D10521D40BB67002E795D /* PatternRoundTest.swift */ = {isa = PBXFileReference; fileEncoding = 4; lastKnownFileType = sourcecode.swift; path = PatternRoundTest.swift; sourceTree = "<group>"; };
		3A4977421D28329F007C6487 /* YatzySet.swift */ = {isa = PBXFileReference; fileEncoding = 4; lastKnownFileType = sourcecode.swift; path = YatzySet.swift; sourceTree = "<group>"; };
		3A4977441D28482A007C6487 /* Round.swift */ = {isa = PBXFileReference; fileEncoding = 4; lastKnownFileType = sourcecode.swift; path = Round.swift; sourceTree = "<group>"; };
		3A4977461D285414007C6487 /* SViewController.swift */ = {isa = PBXFileReference; fileEncoding = 4; lastKnownFileType = sourcecode.swift; path = SViewController.swift; sourceTree = "<group>"; };
		3A4977481D2950DE007C6487 /* MogensYatzy-Bridging-Header.h */ = {isa = PBXFileReference; lastKnownFileType = sourcecode.c.h; path = "MogensYatzy-Bridging-Header.h"; sourceTree = "<group>"; };
		3A7801B41D3684070043413A /* PatternRound.swift */ = {isa = PBXFileReference; fileEncoding = 4; lastKnownFileType = sourcecode.swift; path = PatternRound.swift; sourceTree = "<group>"; };
		3A7801B61D36B1BD0043413A /* FixedRound.swift */ = {isa = PBXFileReference; fileEncoding = 4; lastKnownFileType = sourcecode.swift; path = FixedRound.swift; sourceTree = "<group>"; };
		3ABAD53C1D3E36C1009F4215 /* Images.xcassets */ = {isa = PBXFileReference; lastKnownFileType = folder.assetcatalog; name = Images.xcassets; path = MogensYatzy/Images.xcassets; sourceTree = SOURCE_ROOT; };
		3ACF8F8915B9D35E00252361 /* MogensYatzy.app */ = {isa = PBXFileReference; explicitFileType = wrapper.application; includeInIndex = 0; path = MogensYatzy.app; sourceTree = BUILT_PRODUCTS_DIR; };
		3ACF8F8D15B9D35E00252361 /* UIKit.framework */ = {isa = PBXFileReference; lastKnownFileType = wrapper.framework; name = UIKit.framework; path = System/Library/Frameworks/UIKit.framework; sourceTree = SDKROOT; };
		3ACF8F8F15B9D35E00252361 /* Foundation.framework */ = {isa = PBXFileReference; lastKnownFileType = wrapper.framework; name = Foundation.framework; path = System/Library/Frameworks/Foundation.framework; sourceTree = SDKROOT; };
		3ACF8F9115B9D35E00252361 /* CoreGraphics.framework */ = {isa = PBXFileReference; lastKnownFileType = wrapper.framework; name = CoreGraphics.framework; path = System/Library/Frameworks/CoreGraphics.framework; sourceTree = SDKROOT; };
		3ACF8F9515B9D35E00252361 /* MogensYatzy-Info.plist */ = {isa = PBXFileReference; lastKnownFileType = text.plist.xml; path = "MogensYatzy-Info.plist"; sourceTree = "<group>"; };
		3ACF8F9715B9D35E00252361 /* en */ = {isa = PBXFileReference; lastKnownFileType = text.plist.strings; name = en; path = en.lproj/InfoPlist.strings; sourceTree = "<group>"; };
		3ACF8F9915B9D35E00252361 /* main.m */ = {isa = PBXFileReference; lastKnownFileType = sourcecode.c.objc; path = main.m; sourceTree = "<group>"; };
		3ACF8F9B15B9D35E00252361 /* MogensYatzy-Prefix.pch */ = {isa = PBXFileReference; lastKnownFileType = sourcecode.c.h; path = "MogensYatzy-Prefix.pch"; sourceTree = "<group>"; };
		3ACF8F9C15B9D35F00252361 /* AppDelegate.h */ = {isa = PBXFileReference; lastKnownFileType = sourcecode.c.h; path = AppDelegate.h; sourceTree = "<group>"; };
		3ACF8F9D15B9D35F00252361 /* AppDelegate.m */ = {isa = PBXFileReference; lastKnownFileType = sourcecode.c.objc; path = AppDelegate.m; sourceTree = "<group>"; };
		3ACF8FA015B9D35F00252361 /* en */ = {isa = PBXFileReference; lastKnownFileType = file.storyboard; name = en; path = en.lproj/MainStoryboard.storyboard; sourceTree = "<group>"; };
		3ACF8FAB15B9D35F00252361 /* SenTestingKit.framework */ = {isa = PBXFileReference; lastKnownFileType = wrapper.framework; name = SenTestingKit.framework; path = Library/Frameworks/SenTestingKit.framework; sourceTree = DEVELOPER_DIR; };
		3ADF424C189C1FE600CBED0C /* MogensYatzy Tests.xctest */ = {isa = PBXFileReference; explicitFileType = wrapper.cfbundle; includeInIndex = 0; path = "MogensYatzy Tests.xctest"; sourceTree = BUILT_PRODUCTS_DIR; };
		3ADF424D189C1FE600CBED0C /* XCTest.framework */ = {isa = PBXFileReference; lastKnownFileType = wrapper.framework; name = XCTest.framework; path = Library/Frameworks/XCTest.framework; sourceTree = DEVELOPER_DIR; };
		3ADF4253189C1FE600CBED0C /* MogensYatzy Tests-Info.plist */ = {isa = PBXFileReference; lastKnownFileType = text.plist.xml; path = "MogensYatzy Tests-Info.plist"; sourceTree = "<group>"; };
		3ADF4255189C1FE600CBED0C /* en */ = {isa = PBXFileReference; lastKnownFileType = text.plist.strings; name = en; path = en.lproj/InfoPlist.strings; sourceTree = "<group>"; };
		3ADF4259189C1FE600CBED0C /* MogensYatzy Tests-Prefix.pch */ = {isa = PBXFileReference; lastKnownFileType = sourcecode.c.h; path = "MogensYatzy Tests-Prefix.pch"; sourceTree = "<group>"; };
		3AF310C11D353448006108EA /* UpperRound.swift */ = {isa = PBXFileReference; fileEncoding = 4; lastKnownFileType = sourcecode.swift; path = UpperRound.swift; sourceTree = "<group>"; };
/* End PBXFileReference section */

/* Begin PBXFrameworksBuildPhase section */
		3ACF8F8615B9D35E00252361 /* Frameworks */ = {
			isa = PBXFrameworksBuildPhase;
			buildActionMask = 2147483647;
			files = (
				3ACF8F8E15B9D35E00252361 /* UIKit.framework in Frameworks */,
				3ACF8F9015B9D35E00252361 /* Foundation.framework in Frameworks */,
				3ACF8F9215B9D35E00252361 /* CoreGraphics.framework in Frameworks */,
			);
			runOnlyForDeploymentPostprocessing = 0;
		};
		3ADF4249189C1FE600CBED0C /* Frameworks */ = {
			isa = PBXFrameworksBuildPhase;
			buildActionMask = 2147483647;
			files = (
				3ADF424E189C1FE600CBED0C /* XCTest.framework in Frameworks */,
				3ADF4250189C1FE600CBED0C /* UIKit.framework in Frameworks */,
				3ADF424F189C1FE600CBED0C /* Foundation.framework in Frameworks */,
			);
			runOnlyForDeploymentPostprocessing = 0;
		};
/* End PBXFrameworksBuildPhase section */

/* Begin PBXGroup section */
		3ACF8F7E15B9D35E00252361 = {
			isa = PBXGroup;
			children = (
				3ACF8F9315B9D35E00252361 /* MogensYatzy */,
				3ADF4251189C1FE600CBED0C /* MogensYatzy Tests */,
				3ACF8F8C15B9D35E00252361 /* Frameworks */,
				3ACF8F8A15B9D35E00252361 /* Products */,
			);
			sourceTree = "<group>";
		};
		3ACF8F8A15B9D35E00252361 /* Products */ = {
			isa = PBXGroup;
			children = (
				3ACF8F8915B9D35E00252361 /* MogensYatzy.app */,
				3ADF424C189C1FE600CBED0C /* MogensYatzy Tests.xctest */,
			);
			name = Products;
			sourceTree = "<group>";
		};
		3ACF8F8C15B9D35E00252361 /* Frameworks */ = {
			isa = PBXGroup;
			children = (
				3ACF8F8D15B9D35E00252361 /* UIKit.framework */,
				3ACF8F8F15B9D35E00252361 /* Foundation.framework */,
				3ACF8F9115B9D35E00252361 /* CoreGraphics.framework */,
				3ACF8FAB15B9D35F00252361 /* SenTestingKit.framework */,
				3ADF424D189C1FE600CBED0C /* XCTest.framework */,
			);
			name = Frameworks;
			sourceTree = "<group>";
		};
		3ACF8F9315B9D35E00252361 /* MogensYatzy */ = {
			isa = PBXGroup;
			children = (
				3AF310C11D353448006108EA /* UpperRound.swift */,
				3ACF8F9C15B9D35F00252361 /* AppDelegate.h */,
				3ACF8F9D15B9D35F00252361 /* AppDelegate.m */,
				3ACF8F9F15B9D35F00252361 /* MainStoryboard.storyboard */,
				3ACF8F9415B9D35E00252361 /* Supporting Files */,
				3A4977421D28329F007C6487 /* YatzySet.swift */,
				3A4977441D28482A007C6487 /* Round.swift */,
				3A4977461D285414007C6487 /* SViewController.swift */,
				3A4977481D2950DE007C6487 /* MogensYatzy-Bridging-Header.h */,
				3A7801B41D3684070043413A /* PatternRound.swift */,
				3A7801B61D36B1BD0043413A /* FixedRound.swift */,
				3ABAD53C1D3E36C1009F4215 /* Images.xcassets */,
			);
			name = MogensYatzy;
			path = HelloWorld;
			sourceTree = "<group>";
		};
		3ACF8F9415B9D35E00252361 /* Supporting Files */ = {
			isa = PBXGroup;
			children = (
				3A2D10501D3EA05D002E795D /* Mogens Dice.ttf */,
				3ACF8F9515B9D35E00252361 /* MogensYatzy-Info.plist */,
				3ACF8F9615B9D35E00252361 /* InfoPlist.strings */,
				3ACF8F9915B9D35E00252361 /* main.m */,
				3ACF8F9B15B9D35E00252361 /* MogensYatzy-Prefix.pch */,
			);
			name = "Supporting Files";
			sourceTree = "<group>";
		};
		3ADF4251189C1FE600CBED0C /* MogensYatzy Tests */ = {
			isa = PBXGroup;
			children = (
				3A2D10521D40BB67002E795D /* PatternRoundTest.swift */,
				3ADF4252189C1FE600CBED0C /* Supporting Files */,
			);
			path = "MogensYatzy Tests";
			sourceTree = "<group>";
		};
		3ADF4252189C1FE600CBED0C /* Supporting Files */ = {
			isa = PBXGroup;
			children = (
				3ADF4253189C1FE600CBED0C /* MogensYatzy Tests-Info.plist */,
				3ADF4254189C1FE600CBED0C /* InfoPlist.strings */,
				3ADF4259189C1FE600CBED0C /* MogensYatzy Tests-Prefix.pch */,
			);
			name = "Supporting Files";
			sourceTree = "<group>";
		};
/* End PBXGroup section */

/* Begin PBXNativeTarget section */
		3ACF8F8815B9D35E00252361 /* MogensYatzy */ = {
			isa = PBXNativeTarget;
			buildConfigurationList = 3ACF8FBC15B9D35F00252361 /* Build configuration list for PBXNativeTarget "MogensYatzy" */;
			buildPhases = (
				3ACF8F8515B9D35E00252361 /* Sources */,
				3ACF8F8615B9D35E00252361 /* Frameworks */,
				3ACF8F8715B9D35E00252361 /* Resources */,
			);
			buildRules = (
			);
			dependencies = (
			);
			name = MogensYatzy;
			productName = HelloWorld;
			productReference = 3ACF8F8915B9D35E00252361 /* MogensYatzy.app */;
			productType = "com.apple.product-type.application";
		};
		3ADF424B189C1FE600CBED0C /* MogensYatzy Tests */ = {
			isa = PBXNativeTarget;
			buildConfigurationList = 3ADF425C189C1FE600CBED0C /* Build configuration list for PBXNativeTarget "MogensYatzy Tests" */;
			buildPhases = (
				3ADF4248189C1FE600CBED0C /* Sources */,
				3ADF4249189C1FE600CBED0C /* Frameworks */,
				3ADF424A189C1FE600CBED0C /* Resources */,
			);
			buildRules = (
			);
			dependencies = (
				3ADF425B189C1FE600CBED0C /* PBXTargetDependency */,
			);
			name = "MogensYatzy Tests";
			productName = "MogensYatzy Tests";
			productReference = 3ADF424C189C1FE600CBED0C /* MogensYatzy Tests.xctest */;
			productType = "com.apple.product-type.bundle.unit-test";
		};
/* End PBXNativeTarget section */

/* Begin PBXProject section */
		3ACF8F8015B9D35E00252361 /* Project object */ = {
			isa = PBXProject;
			attributes = {
				LastSwiftUpdateCheck = 0730;
				LastUpgradeCheck = 0730;
				TargetAttributes = {
					3ACF8F8815B9D35E00252361 = {
						DevelopmentTeam = GZ75BC338J;
					};
					3ADF424B189C1FE600CBED0C = {
						TestTargetID = 3ACF8F8815B9D35E00252361;
					};
				};
			};
			buildConfigurationList = 3ACF8F8315B9D35E00252361 /* Build configuration list for PBXProject "MogensYatzy" */;
			compatibilityVersion = "Xcode 6.3";
			developmentRegion = English;
			hasScannedForEncodings = 0;
			knownRegions = (
				en,
			);
			mainGroup = 3ACF8F7E15B9D35E00252361;
			productRefGroup = 3ACF8F8A15B9D35E00252361 /* Products */;
			projectDirPath = "";
			projectRoot = "";
			targets = (
				3ACF8F8815B9D35E00252361 /* MogensYatzy */,
				3ADF424B189C1FE600CBED0C /* MogensYatzy Tests */,
			);
		};
/* End PBXProject section */

/* Begin PBXResourcesBuildPhase section */
		3ACF8F8715B9D35E00252361 /* Resources */ = {
			isa = PBXResourcesBuildPhase;
			buildActionMask = 2147483647;
			files = (
				3ACF8F9815B9D35E00252361 /* InfoPlist.strings in Resources */,
				3A2D10511D3EA05D002E795D /* Mogens Dice.ttf in Resources */,
				3ACF8FA115B9D35F00252361 /* MainStoryboard.storyboard in Resources */,
				3ABAD53D1D3E36C1009F4215 /* Images.xcassets in Resources */,
			);
			runOnlyForDeploymentPostprocessing = 0;
		};
		3ADF424A189C1FE600CBED0C /* Resources */ = {
			isa = PBXResourcesBuildPhase;
			buildActionMask = 2147483647;
			files = (
				3ADF4256189C1FE600CBED0C /* InfoPlist.strings in Resources */,
			);
			runOnlyForDeploymentPostprocessing = 0;
		};
/* End PBXResourcesBuildPhase section */

/* Begin PBXSourcesBuildPhase section */
		3ACF8F8515B9D35E00252361 /* Sources */ = {
			isa = PBXSourcesBuildPhase;
			buildActionMask = 2147483647;
			files = (
				3A7801B51D3684070043413A /* PatternRound.swift in Sources */,
				3ACF8F9A15B9D35E00252361 /* main.m in Sources */,
				3A4977431D28329F007C6487 /* YatzySet.swift in Sources */,
				3A7801B71D36B1BD0043413A /* FixedRound.swift in Sources */,
				3A4977451D28482A007C6487 /* Round.swift in Sources */,
				3AF310C21D353449006108EA /* UpperRound.swift in Sources */,
				3ACF8F9E15B9D35F00252361 /* AppDelegate.m in Sources */,
				3A4977471D285414007C6487 /* SViewController.swift in Sources */,
			);
			runOnlyForDeploymentPostprocessing = 0;
		};
		3ADF4248189C1FE600CBED0C /* Sources */ = {
			isa = PBXSourcesBuildPhase;
			buildActionMask = 2147483647;
			files = (
				3A2D10531D40BB67002E795D /* PatternRoundTest.swift in Sources */,
			);
			runOnlyForDeploymentPostprocessing = 0;
		};
/* End PBXSourcesBuildPhase section */

/* Begin PBXTargetDependency section */
		3ADF425B189C1FE600CBED0C /* PBXTargetDependency */ = {
			isa = PBXTargetDependency;
			target = 3ACF8F8815B9D35E00252361 /* MogensYatzy */;
			targetProxy = 3ADF425A189C1FE600CBED0C /* PBXContainerItemProxy */;
		};
/* End PBXTargetDependency section */

/* Begin PBXVariantGroup section */
		3ACF8F9615B9D35E00252361 /* InfoPlist.strings */ = {
			isa = PBXVariantGroup;
			children = (
				3ACF8F9715B9D35E00252361 /* en */,
			);
			name = InfoPlist.strings;
			sourceTree = "<group>";
		};
		3ACF8F9F15B9D35F00252361 /* MainStoryboard.storyboard */ = {
			isa = PBXVariantGroup;
			children = (
				3ACF8FA015B9D35F00252361 /* en */,
			);
			name = MainStoryboard.storyboard;
			sourceTree = "<group>";
		};
		3ADF4254189C1FE600CBED0C /* InfoPlist.strings */ = {
			isa = PBXVariantGroup;
			children = (
				3ADF4255189C1FE600CBED0C /* en */,
			);
			name = InfoPlist.strings;
			sourceTree = "<group>";
		};
/* End PBXVariantGroup section */

/* Begin XCBuildConfiguration section */
		3ACF8FBA15B9D35F00252361 /* Debug */ = {
			isa = XCBuildConfiguration;
			buildSettings = {
				ALWAYS_SEARCH_USER_PATHS = NO;
				CLANG_ENABLE_OBJC_ARC = YES;
				CLANG_WARN_BOOL_CONVERSION = YES;
				CLANG_WARN_CONSTANT_CONVERSION = YES;
				CLANG_WARN_EMPTY_BODY = YES;
				CLANG_WARN_ENUM_CONVERSION = YES;
				CLANG_WARN_INT_CONVERSION = YES;
				CLANG_WARN_UNREACHABLE_CODE = YES;
				CLANG_WARN__DUPLICATE_METHOD_MATCH = YES;
				"CODE_SIGN_IDENTITY[sdk=iphoneos*]" = "iPhone Developer";
				COPY_PHASE_STRIP = NO;
				ENABLE_STRICT_OBJC_MSGSEND = YES;
				ENABLE_TESTABILITY = YES;
				GCC_C_LANGUAGE_STANDARD = gnu99;
				GCC_DYNAMIC_NO_PIC = NO;
				GCC_NO_COMMON_BLOCKS = YES;
				GCC_OPTIMIZATION_LEVEL = 0;
				GCC_PREPROCESSOR_DEFINITIONS = (
					"DEBUG=1",
					"$(inherited)",
				);
				GCC_SYMBOLS_PRIVATE_EXTERN = NO;
				GCC_VERSION = com.apple.compilers.llvm.clang.1_0;
				GCC_WARN_64_TO_32_BIT_CONVERSION = YES;
				GCC_WARN_ABOUT_RETURN_TYPE = YES;
				GCC_WARN_UNDECLARED_SELECTOR = YES;
				GCC_WARN_UNINITIALIZED_AUTOS = YES;
				GCC_WARN_UNUSED_FUNCTION = YES;
				GCC_WARN_UNUSED_VARIABLE = YES;
				IPHONEOS_DEPLOYMENT_TARGET = 7.0;
				ONLY_ACTIVE_ARCH = YES;
				SDKROOT = iphoneos;
				TARGETED_DEVICE_FAMILY = 2;
			};
			name = Debug;
		};
		3ACF8FBB15B9D35F00252361 /* Release */ = {
			isa = XCBuildConfiguration;
			buildSettings = {
				ALWAYS_SEARCH_USER_PATHS = NO;
				CLANG_ENABLE_OBJC_ARC = YES;
				CLANG_WARN_BOOL_CONVERSION = YES;
				CLANG_WARN_CONSTANT_CONVERSION = YES;
				CLANG_WARN_EMPTY_BODY = YES;
				CLANG_WARN_ENUM_CONVERSION = YES;
				CLANG_WARN_INT_CONVERSION = YES;
				CLANG_WARN_UNREACHABLE_CODE = YES;
				CLANG_WARN__DUPLICATE_METHOD_MATCH = YES;
				"CODE_SIGN_IDENTITY[sdk=iphoneos*]" = "iPhone Developer";
				COPY_PHASE_STRIP = YES;
				ENABLE_STRICT_OBJC_MSGSEND = YES;
				GCC_C_LANGUAGE_STANDARD = gnu99;
				GCC_NO_COMMON_BLOCKS = YES;
				GCC_VERSION = com.apple.compilers.llvm.clang.1_0;
				GCC_WARN_64_TO_32_BIT_CONVERSION = YES;
				GCC_WARN_ABOUT_RETURN_TYPE = YES;
				GCC_WARN_UNDECLARED_SELECTOR = YES;
				GCC_WARN_UNINITIALIZED_AUTOS = YES;
				GCC_WARN_UNUSED_FUNCTION = YES;
				GCC_WARN_UNUSED_VARIABLE = YES;
				IPHONEOS_DEPLOYMENT_TARGET = 7.0;
				OTHER_CFLAGS = "-DNS_BLOCK_ASSERTIONS=1";
				SDKROOT = iphoneos;
				TARGETED_DEVICE_FAMILY = 2;
				VALIDATE_PRODUCT = YES;
			};
			name = Release;
		};
		3ACF8FBD15B9D35F00252361 /* Debug */ = {
			isa = XCBuildConfiguration;
			buildSettings = {
				ASSETCATALOG_COMPILER_APPICON_NAME = AppIcon;
				ASSETCATALOG_COMPILER_LAUNCHIMAGE_NAME = "Brand Assets";
				CLANG_ENABLE_MODULES = YES;
				CODE_SIGN_IDENTITY = "iPhone Developer";
				"CODE_SIGN_IDENTITY[sdk=iphoneos*]" = "iPhone Developer";
				GCC_PRECOMPILE_PREFIX_HEADER = YES;
				GCC_PREFIX_HEADER = "HelloWorld/MogensYatzy-Prefix.pch";
				INFOPLIST_FILE = "HelloWorld/MogensYatzy-Info.plist";
				LD_RUNPATH_SEARCH_PATHS = "$(inherited) @executable_path/Frameworks";
				PRODUCT_BUNDLE_IDENTIFIER = "Hans-Kyndesgaard.${PRODUCT_NAME:rfc1034identifier}";
				PRODUCT_NAME = MogensYatzy;
				PROVISIONING_PROFILE = "";
				SWIFT_OBJC_BRIDGING_HEADER = "HelloWorld/MogensYatzy-Bridging-Header.h";
				SWIFT_OPTIMIZATION_LEVEL = "-Onone";
				WRAPPER_EXTENSION = app;
			};
			name = Debug;
		};
		3ACF8FBE15B9D35F00252361 /* Release */ = {
			isa = XCBuildConfiguration;
			buildSettings = {
				ASSETCATALOG_COMPILER_APPICON_NAME = AppIcon;
				ASSETCATALOG_COMPILER_LAUNCHIMAGE_NAME = "Brand Assets";
				CLANG_ENABLE_MODULES = YES;
				CODE_SIGN_IDENTITY = "iPhone Developer";
				"CODE_SIGN_IDENTITY[sdk=iphoneos*]" = "iPhone Developer";
				GCC_PRECOMPILE_PREFIX_HEADER = YES;
				GCC_PREFIX_HEADER = "HelloWorld/MogensYatzy-Prefix.pch";
				INFOPLIST_FILE = "HelloWorld/MogensYatzy-Info.plist";
				LD_RUNPATH_SEARCH_PATHS = "$(inherited) @executable_path/Frameworks";
				PRODUCT_BUNDLE_IDENTIFIER = "Hans-Kyndesgaard.${PRODUCT_NAME:rfc1034identifier}";
				PRODUCT_NAME = MogensYatzy;
				PROVISIONING_PROFILE = "";
				SWIFT_OBJC_BRIDGING_HEADER = "HelloWorld/MogensYatzy-Bridging-Header.h";
				WRAPPER_EXTENSION = app;
			};
			name = Release;
		};
		3ADF425D189C1FE600CBED0C /* Debug */ = {
			isa = XCBuildConfiguration;
			buildSettings = {
				BUNDLE_LOADER = "$(BUILT_PRODUCTS_DIR)/MogensYatzy.app/MogensYatzy";
				CLANG_CXX_LANGUAGE_STANDARD = "gnu++0x";
				CLANG_CXX_LIBRARY = "libc++";
				CLANG_ENABLE_MODULES = YES;
				CLANG_WARN_DIRECT_OBJC_ISA_USAGE = YES_ERROR;
				CLANG_WARN_OBJC_ROOT_CLASS = YES_ERROR;
				FRAMEWORK_SEARCH_PATHS = (
					"$(SDKROOT)/Developer/Library/Frameworks",
					"$(inherited)",
					"$(DEVELOPER_FRAMEWORKS_DIR)",
				);
				GCC_PRECOMPILE_PREFIX_HEADER = YES;
				GCC_PREFIX_HEADER = "MogensYatzy Tests/MogensYatzy Tests-Prefix.pch";
				GCC_PREPROCESSOR_DEFINITIONS = (
					"DEBUG=1",
					"$(inherited)",
				);
				GCC_WARN_ABOUT_RETURN_TYPE = YES_ERROR;
				INFOPLIST_FILE = "MogensYatzy Tests/MogensYatzy Tests-Info.plist";
				LD_RUNPATH_SEARCH_PATHS = "$(inherited) @executable_path/Frameworks @loader_path/Frameworks";
				PRODUCT_BUNDLE_IDENTIFIER = "Hans-Kyndesgaard.${PRODUCT_NAME:rfc1034identifier}";
				PRODUCT_NAME = "$(TARGET_NAME)";
				SWIFT_OPTIMIZATION_LEVEL = "-Onone";
				TEST_HOST = "$(BUNDLE_LOADER)";
				WRAPPER_EXTENSION = xctest;
			};
			name = Debug;
		};
		3ADF425E189C1FE600CBED0C /* Release */ = {
			isa = XCBuildConfiguration;
			buildSettings = {
				BUNDLE_LOADER = "$(BUILT_PRODUCTS_DIR)/MogensYatzy.app/MogensYatzy";
				CLANG_CXX_LANGUAGE_STANDARD = "gnu++0x";
				CLANG_CXX_LIBRARY = "libc++";
				CLANG_ENABLE_MODULES = YES;
				CLANG_WARN_DIRECT_OBJC_ISA_USAGE = YES_ERROR;
				CLANG_WARN_OBJC_ROOT_CLASS = YES_ERROR;
				ENABLE_NS_ASSERTIONS = NO;
				FRAMEWORK_SEARCH_PATHS = (
					"$(SDKROOT)/Developer/Library/Frameworks",
					"$(inherited)",
					"$(DEVELOPER_FRAMEWORKS_DIR)",
				);
				GCC_PRECOMPILE_PREFIX_HEADER = YES;
				GCC_PREFIX_HEADER = "MogensYatzy Tests/MogensYatzy Tests-Prefix.pch";
				GCC_WARN_ABOUT_RETURN_TYPE = YES_ERROR;
				INFOPLIST_FILE = "MogensYatzy Tests/MogensYatzy Tests-Info.plist";
				LD_RUNPATH_SEARCH_PATHS = "$(inherited) @executable_path/Frameworks @loader_path/Frameworks";
				PRODUCT_BUNDLE_IDENTIFIER = "Hans-Kyndesgaard.${PRODUCT_NAME:rfc1034identifier}";
				PRODUCT_NAME = "$(TARGET_NAME)";
				TEST_HOST = "$(BUNDLE_LOADER)";
				WRAPPER_EXTENSION = xctest;
			};
			name = Release;
		};
/* End XCBuildConfiguration section */

/* Begin XCConfigurationList section */
		3ACF8F8315B9D35E00252361 /* Build configuration list for PBXProject "MogensYatzy" */ = {
			isa = XCConfigurationList;
			buildConfigurations = (
				3ACF8FBA15B9D35F00252361 /* Debug */,
				3ACF8FBB15B9D35F00252361 /* Release */,
			);
			defaultConfigurationIsVisible = 0;
			defaultConfigurationName = Release;
		};
		3ACF8FBC15B9D35F00252361 /* Build configuration list for PBXNativeTarget "MogensYatzy" */ = {
			isa = XCConfigurationList;
			buildConfigurations = (
				3ACF8FBD15B9D35F00252361 /* Debug */,
				3ACF8FBE15B9D35F00252361 /* Release */,
			);
			defaultConfigurationIsVisible = 0;
			defaultConfigurationName = Release;
		};
		3ADF425C189C1FE600CBED0C /* Build configuration list for PBXNativeTarget "MogensYatzy Tests" */ = {
			isa = XCConfigurationList;
			buildConfigurations = (
				3ADF425D189C1FE600CBED0C /* Debug */,
				3ADF425E189C1FE600CBED0C /* Release */,
			);
			defaultConfigurationIsVisible = 0;
			defaultConfigurationName = Release;
		};
/* End XCConfigurationList section */
	};
	rootObject = 3ACF8F8015B9D35E00252361 /* Project object */;
}
